
Microsoft Visual Studio Solution File, Format Version 12.00
# Visual Studio Version 17
VisualStudioVersion = 17.8.34330.188
MinimumVisualStudioVersion = 10.0.40219.1
Project("{9A19103F-16F7-4668-BE54-9A1E7A4F7556}") = "SycamoreHockeyLeaguePortal", "SycamoreHockeyLeaguePortal\SycamoreHockeyLeaguePortal.csproj", "{564158E7-F761-4322-A39E-701C0C7F1AB4}"
EndProject
Global
	GlobalSection(SolutionConfigurationPlatforms) = preSolution
		Debug|Any CPU = Debug|Any CPU
		Release|Any CPU = Release|Any CPU
	EndGlobalSection
	GlobalSection(ProjectConfigurationPlatforms) = postSolution
		{564158E7-F761-4322-A39E-701C0C7F1AB4}.Debug|Any CPU.ActiveCfg = Debug|Any CPU
		{564158E7-F761-4322-A39E-701C0C7F1AB4}.Debug|Any CPU.Build.0 = Debug|Any CPU
		{564158E7-F761-4322-A39E-701C0C7F1AB4}.Release|Any CPU.ActiveCfg = Release|Any CPU
		{564158E7-F761-4322-A39E-701C0C7F1AB4}.Release|Any CPU.Build.0 = Release|Any CPU
	EndGlobalSection
	GlobalSection(SolutionProperties) = preSolution
		HideSolutionNode = FALSE
	EndGlobalSection
	GlobalSection(ExtensibilityGlobals) = postSolution
		SolutionGuid = {C5B80AF5-E358-406E-99C1-FAF8EDB55694}
	EndGlobalSection
EndGlobal
